
Microsoft Visual Studio Solution File, Format Version 12.00
# Visual Studio Version 16
VisualStudioVersion = 16.0.29519.181
MinimumVisualStudioVersion = 10.0.40219.1
Project("{9A19103F-16F7-4668-BE54-9A1E7A4F7556}") = "WebJobApp", "WebJobApp\WebJobApp.csproj", "{ABA6B045-3F9E-4339-9CB1-56A8266C7B83}"
EndProject
Project("{FAE04EC0-301F-11D3-BF4B-00C04F79EFBC}") = "WebJobApp.BAL", "WebJobApp.BAL\WebJobApp.BAL.csproj", "{FE849653-A0E4-477F-A4D8-AB1AC00E8CDC}"
EndProject
Project("{FAE04EC0-301F-11D3-BF4B-00C04F79EFBC}") = "WebJobApp.Contracts", "WebJobApp.Contracts\WebJobApp.Contracts.csproj", "{5B899D9C-26E1-42E3-8B1B-4A21CC0BFC96}"
EndProject
Project("{FAE04EC0-301F-11D3-BF4B-00C04F79EFBC}") = "WebJobApp.Model", "WebJobApp.Model\WebJobApp.Model.csproj", "{3D29BB5A-E66A-4352-B281-725104EE1ACD}"
EndProject
Project("{FAE04EC0-301F-11D3-BF4B-00C04F79EFBC}") = "WebJobApp.Common", "WebJobApp.Common\WebJobApp.Common.csproj", "{93E58D67-7B6C-47CC-AEDE-47E364B31B9C}"
EndProject
Global
	GlobalSection(SolutionConfigurationPlatforms) = preSolution
		Debug|Any CPU = Debug|Any CPU
		Release|Any CPU = Release|Any CPU
	EndGlobalSection
	GlobalSection(ProjectConfigurationPlatforms) = postSolution
		{ABA6B045-3F9E-4339-9CB1-56A8266C7B83}.Debug|Any CPU.ActiveCfg = Debug|Any CPU
		{ABA6B045-3F9E-4339-9CB1-56A8266C7B83}.Debug|Any CPU.Build.0 = Debug|Any CPU
		{ABA6B045-3F9E-4339-9CB1-56A8266C7B83}.Release|Any CPU.ActiveCfg = Release|Any CPU
		{ABA6B045-3F9E-4339-9CB1-56A8266C7B83}.Release|Any CPU.Build.0 = Release|Any CPU
		{FE849653-A0E4-477F-A4D8-AB1AC00E8CDC}.Debug|Any CPU.ActiveCfg = Debug|Any CPU
		{FE849653-A0E4-477F-A4D8-AB1AC00E8CDC}.Debug|Any CPU.Build.0 = Debug|Any CPU
		{FE849653-A0E4-477F-A4D8-AB1AC00E8CDC}.Release|Any CPU.ActiveCfg = Release|Any CPU
		{FE849653-A0E4-477F-A4D8-AB1AC00E8CDC}.Release|Any CPU.Build.0 = Release|Any CPU
		{5B899D9C-26E1-42E3-8B1B-4A21CC0BFC96}.Debug|Any CPU.ActiveCfg = Debug|Any CPU
		{5B899D9C-26E1-42E3-8B1B-4A21CC0BFC96}.Debug|Any CPU.Build.0 = Debug|Any CPU
		{5B899D9C-26E1-42E3-8B1B-4A21CC0BFC96}.Release|Any CPU.ActiveCfg = Release|Any CPU
		{5B899D9C-26E1-42E3-8B1B-4A21CC0BFC96}.Release|Any CPU.Build.0 = Release|Any CPU
		{3D29BB5A-E66A-4352-B281-725104EE1ACD}.Debug|Any CPU.ActiveCfg = Debug|Any CPU
		{3D29BB5A-E66A-4352-B281-725104EE1ACD}.Debug|Any CPU.Build.0 = Debug|Any CPU
		{3D29BB5A-E66A-4352-B281-725104EE1ACD}.Release|Any CPU.ActiveCfg = Release|Any CPU
		{3D29BB5A-E66A-4352-B281-725104EE1ACD}.Release|Any CPU.Build.0 = Release|Any CPU
		{93E58D67-7B6C-47CC-AEDE-47E364B31B9C}.Debug|Any CPU.ActiveCfg = Debug|Any CPU
		{93E58D67-7B6C-47CC-AEDE-47E364B31B9C}.Debug|Any CPU.Build.0 = Debug|Any CPU
		{93E58D67-7B6C-47CC-AEDE-47E364B31B9C}.Release|Any CPU.ActiveCfg = Release|Any CPU
		{93E58D67-7B6C-47CC-AEDE-47E364B31B9C}.Release|Any CPU.Build.0 = Release|Any CPU
	EndGlobalSection
	GlobalSection(SolutionProperties) = preSolution
		HideSolutionNode = FALSE
	EndGlobalSection
	GlobalSection(ExtensibilityGlobals) = postSolution
		SolutionGuid = {BE24A5F1-896E-4F6D-B91C-E308FF8CDC31}
	EndGlobalSection
EndGlobal
